{
  "name": "operator",
  "lockfileVersion": 3,
  "requires": true,
  "packages": {
    "": {
      "dependencies": {
        "@std/log": "npm:@jsr/std__log@^0.224.14"
      }
    },
    "node_modules/@jsr/std__bytes": {
      "version": "1.0.6",
      "resolved": "https://npm.jsr.io/~/11/@jsr/std__bytes/1.0.6.tgz",
      "integrity": "sha512-St6yKggjFGhxS52IFLJWvkchRFbAKg2Xh8UxA4S1EGz7GJ2Ui+ssDDldj/w2c8vCxvl6qgR0HaYbKeFJNqujmA=="
    },
    "node_modules/@jsr/std__fmt": {
      "version": "1.0.10",
      "resolved": "https://npm.jsr.io/~/11/@jsr/std__fmt/1.0.10.tgz",
      "integrity": "sha512-Q2N8XDNkh/c1IKTi+sO4Vm64M5m4W0o47qTURmMX0vgHm9AJ6jL7jEQ2kw0M1T2rBZiwAY78eUbYzFyOYWaCqQ=="
    },
    "node_modules/@jsr/std__fs": {
      "version": "1.0.24",
      "resolved": "https://npm.jsr.io/~/11/@jsr/std__fs/1.0.24.tgz",
      "integrity": "sha512-UunW2Rg++9sA74NJnYMGTsMVQgoFRAwPP02wRRohL0PQBNorbyxHiyCMRaxYQCtLepTLkC4nUyMtcwrGKqTR6g==",
      "dependencies": {
        "@jsr/std__internal": "^1.0.14",
        "@jsr/std__path": "^1.1.5"
      }
    },
    "node_modules/@jsr/std__internal": {
      "version": "1.0.14",
      "resolved": "https://npm.jsr.io/~/11/@jsr/std__internal/1.0.14.tgz",
      "integrity": "sha512-JT8b/t40WcR9q0GDwRZUooY7aXeXnFal8iidE/5TckdAFtvpVAsaJ71/Xgf1SfoChs41s6CZkuCYM8toaNgdvA=="
    },
    "node_modules/@jsr/std__io": {
      "version": "0.225.3",
      "resolved": "https://npm.jsr.io/~/11/@jsr/std__io/0.225.3.tgz",
      "integrity": "sha512-IDXY253ipW6FV34CJVxO+3ubfvSEEzw9N2W303KnLe9K/Y9+v/ID1dQYf9VsCCOFMpFtCmOLqzIZsRqv6yQnWw==",
      "dependencies": {
        "@jsr/std__bytes": "^1.0.6"
      }
    },
    "node_modules/@jsr/std__path": {
      "version": "1.1.6",
      "resolved": "https://npm.jsr.io/~/11/@jsr/std__path/1.1.6.tgz",
      "integrity": "sha512-H1Cmg6z8jFyIsQbVV+vZB4eOx4k6Qg8lyUM6l7nZysj5MZumg89kb0M1bsPBTGQis3fw6mJFkJELo5+AK6oCFA==",
      "dependencies": {
        "@jsr/std__internal": "^1.0.14"
      }
    },
    "node_modules/@std/log": {
      "name": "@jsr/std__log",
      "version": "0.224.14",
      "resolved": "https://npm.jsr.io/~/11/@jsr/std__log/0.224.14.tgz",
      "integrity": "sha512-EHT7E0plakyzk/gxMrwqUf3YGCCxN3Is25QrEh7toYA7qwj46R4qY7cIaDEKy8QqI5JHOFHwWXOClcPK6goIoQ==",
      "dependencies": {
        "@jsr/std__fmt": "^1.0.5",
        "@jsr/std__fs": "^1.0.11",
        "@jsr/std__io": "^0.225.2"
      }
    }
  }
}
